
Microsoft Visual Studio Solution File, Format Version 11.00
# Visual Studio 2010
Project("{2857B73E-F847-4B02-9238-064979017E93}") = "COSC220_Lab3", "COSC220_Lab3\COSC220_Lab3.cproj", "{EE0D5F8C-CAA5-48CA-B50A-ADC6C881A87C}"
EndProject
Global
	GlobalSection(SolutionConfigurationPlatforms) = preSolution
		Debug|Any CPU = Debug|Any CPU
		Release|Any CPU = Release|Any CPU
	EndGlobalSection
	GlobalSection(ProjectConfigurationPlatforms) = postSolution
		{EE0D5F8C-CAA5-48CA-B50A-ADC6C881A87C}.Debug|Any CPU.ActiveCfg = Debug|Any CPU
		{EE0D5F8C-CAA5-48CA-B50A-ADC6C881A87C}.Debug|Any CPU.Build.0 = Debug|Any CPU
		{EE0D5F8C-CAA5-48CA-B50A-ADC6C881A87C}.Release|Any CPU.ActiveCfg = Release|Any CPU
		{EE0D5F8C-CAA5-48CA-B50A-ADC6C881A87C}.Release|Any CPU.Build.0 = Release|Any CPU
	EndGlobalSection
	GlobalSection(MonoDevelopProperties) = preSolution
		StartupItem = COSC220_Lab3\COSC220_Lab3.cproj
	EndGlobalSection
EndGlobal
