
Microsoft Visual Studio Solution File, Format Version 12.00
# Visual Studio 2013
VisualStudioVersion = 12.0.31101.0
MinimumVisualStudioVersion = 10.0.40219.1
Project("{FAE04EC0-301F-11D3-BF4B-00C04F79EFBC}") = "Life", "Life\Life.csproj", "{D5A52B0D-19C1-47F2-A494-15E1C6E7AE8A}"
EndProject
Global
	GlobalSection(SolutionConfigurationPlatforms) = preSolution
		Debug|Any CPU = Debug|Any CPU
		Release|Any CPU = Release|Any CPU
	EndGlobalSection
	GlobalSection(ProjectConfigurationPlatforms) = postSolution
		{D5A52B0D-19C1-47F2-A494-15E1C6E7AE8A}.Debug|Any CPU.ActiveCfg = Debug|Any CPU
		{D5A52B0D-19C1-47F2-A494-15E1C6E7AE8A}.Debug|Any CPU.Build.0 = Debug|Any CPU
		{D5A52B0D-19C1-47F2-A494-15E1C6E7AE8A}.Release|Any CPU.ActiveCfg = Release|Any CPU
		{D5A52B0D-19C1-47F2-A494-15E1C6E7AE8A}.Release|Any CPU.Build.0 = Release|Any CPU
	EndGlobalSection
	GlobalSection(SolutionProperties) = preSolution
		HideSolutionNode = FALSE
	EndGlobalSection
EndGlobal
